// !$*UTF8*$!
{
	archiveVersion = 1;
	classes = {
	};
	objectVersion = 46;
	objects = {

/* Begin PBXBuildFile section */
		8236BF871D48FB1000D2B156 /* AppDelegate.swift in Sources */ = {isa = PBXBuildFile; fileRef = 8236BF861D48FB1000D2B156 /* AppDelegate.swift */; };
		8236BF891D48FB1000D2B156 /* ViewController.swift in Sources */ = {isa = PBXBuildFile; fileRef = 8236BF881D48FB1000D2B156 /* ViewController.swift */; };
		8236BF8C1D48FB1000D2B156 /* Main.storyboard in Resources */ = {isa = PBXBuildFile; fileRef = 8236BF8A1D48FB1000D2B156 /* Main.storyboard */; };
		8236BF8E1D48FB1000D2B156 /* Assets.xcassets in Resources */ = {isa = PBXBuildFile; fileRef = 8236BF8D1D48FB1000D2B156 /* Assets.xcassets */; };
		8236BF911D48FB1000D2B156 /* LaunchScreen.storyboard in Resources */ = {isa = PBXBuildFile; fileRef = 8236BF8F1D48FB1000D2B156 /* LaunchScreen.storyboard */; };
		8236BF991D48FB3900D2B156 /* XLSegmentControl.swift in Sources */ = {isa = PBXBuildFile; fileRef = 8236BF981D48FB3900D2B156 /* XLSegmentControl.swift */; };
/* End PBXBuildFile section */

/* Begin PBXFileReference section */
		8236BF831D48FB1000D2B156 /* XLSegmentDemo.app */ = {isa = PBXFileReference; explicitFileType = wrapper.application; includeInIndex = 0; path = XLSegmentDemo.app; sourceTree = BUILT_PRODUCTS_DIR; };
		8236BF861D48FB1000D2B156 /* AppDelegate.swift */ = {isa = PBXFileReference; lastKnownFileType = sourcecode.swift; path = AppDelegate.swift; sourceTree = "<group>"; };
		8236BF881D48FB1000D2B156 /* ViewController.swift */ = {isa = PBXFileReference; lastKnownFileType = sourcecode.swift; path = ViewController.swift; sourceTree = "<group>"; };
		8236BF8B1D48FB1000D2B156 /* Base */ = {isa = PBXFileReference; lastKnownFileType = file.storyboard; name = Base; path = Base.lproj/Main.storyboard; sourceTree = "<group>"; };
		8236BF8D1D48FB1000D2B156 /* Assets.xcassets */ = {isa = PBXFileReference; lastKnownFileType = folder.assetcatalog; path = Assets.xcassets; sourceTree = "<group>"; };
		8236BF901D48FB1000D2B156 /* Base */ = {isa = PBXFileReference; lastKnownFileType = file.storyboard; name = Base; path = Base.lproj/LaunchScreen.storyboard; sourceTree = "<group>"; };
		8236BF921D48FB1000D2B156 /* Info.plist */ = {isa = PBXFileReference; lastKnownFileType = text.plist.xml; path = Info.plist; sourceTree = "<group>"; };
		8236BF981D48FB3900D2B156 /* XLSegmentControl.swift */ = {isa = PBXFileReference; fileEncoding = 4; lastKnownFileType = sourcecode.swift; path = XLSegmentControl.swift; sourceTree = "<group>"; };
/* End PBXFileReference section */

/* Begin PBXFrameworksBuildPhase section */
		8236BF801D48FB1000D2B156 /* Frameworks */ = {
			isa = PBXFrameworksBuildPhase;
			buildActionMask = 2147483647;
			files = (
			);
			runOnlyForDeploymentPostprocessing = 0;
		};
/* End PBXFrameworksBuildPhase section */

/* Begin PBXGroup section */
		8236BF7A1D48FB1000D2B156 = {
			isa = PBXGroup;
			children = (
				8236BF851D48FB1000D2B156 /* XLSegmentDemo */,
				8236BF841D48FB1000D2B156 /* Products */,
			);
			sourceTree = "<group>";
		};
		8236BF841D48FB1000D2B156 /* Products */ = {
			isa = PBXGroup;
			children = (
				8236BF831D48FB1000D2B156 /* XLSegmentDemo.app */,
			);
			name = Products;
			sourceTree = "<group>";
		};
		8236BF851D48FB1000D2B156 /* XLSegmentDemo */ = {
			isa = PBXGroup;
			children = (
				8236BF861D48FB1000D2B156 /* AppDelegate.swift */,
				8236BF881D48FB1000D2B156 /* ViewController.swift */,
				8236BF981D48FB3900D2B156 /* XLSegmentControl.swift */,
				8236BF8A1D48FB1000D2B156 /* Main.storyboard */,
				8236BF8D1D48FB1000D2B156 /* Assets.xcassets */,
				8236BF8F1D48FB1000D2B156 /* LaunchScreen.storyboard */,
				8236BF921D48FB1000D2B156 /* Info.plist */,
			);
			path = XLSegmentDemo;
			sourceTree = "<group>";
		};
/* End PBXGroup section */

/* Begin PBXNativeTarget section */
		8236BF821D48FB1000D2B156 /* XLSegmentDemo */ = {
			isa = PBXNativeTarget;
			buildConfigurationList = 8236BF951D48FB1000D2B156 /* Build configuration list for PBXNativeTarget "XLSegmentDemo" */;
			buildPhases = (
				8236BF7F1D48FB1000D2B156 /* Sources */,
				8236BF801D48FB1000D2B156 /* Frameworks */,
				8236BF811D48FB1000D2B156 /* Resources */,
			);
			buildRules = (
			);
			dependencies = (
			);
			name = XLSegmentDemo;
			productName = XLSegmentDemo;
			productReference = 8236BF831D48FB1000D2B156 /* XLSegmentDemo.app */;
			productType = "com.apple.product-type.application";
		};
/* End PBXNativeTarget section */

/* Begin PBXProject section */
		8236BF7B1D48FB1000D2B156 /* Project object */ = {
			isa = PBXProject;
			attributes = {
				LastSwiftUpdateCheck = 0730;
				LastUpgradeCheck = 0730;
				ORGANIZATIONNAME = shifengming;
				TargetAttributes = {
					8236BF821D48FB1000D2B156 = {
						CreatedOnToolsVersion = 7.3.1;
						DevelopmentTeam = 2LGH7NQTVL;
					};
				};
			};
			buildConfigurationList = 8236BF7E1D48FB1000D2B156 /* Build configuration list for PBXProject "XLSegmentDemo" */;
			compatibilityVersion = "Xcode 3.2";
			developmentRegion = English;
			hasScannedForEncodings = 0;
			knownRegions = (
				en,
				Base,
			);
			mainGroup = 8236BF7A1D48FB1000D2B156;
			productRefGroup = 8236BF841D48FB1000D2B156 /* Products */;
			projectDirPath = "";
			projectRoot = "";
			targets = (
				8236BF821D48FB1000D2B156 /* XLSegmentDemo */,
			);
		};
/* End PBXProject section */

/* Begin PBXResourcesBuildPhase section */
		8236BF811D48FB1000D2B156 /* Resources */ = {
			isa = PBXResourcesBuildPhase;
			buildActionMask = 2147483647;
			files = (
				8236BF911D48FB1000D2B156 /* LaunchScreen.storyboard in Resources */,
				8236BF8E1D48FB1000D2B156 /* Assets.xcassets in Resources */,
				8236BF8C1D48FB1000D2B156 /* Main.storyboard in Resources */,
			);
			runOnlyForDeploymentPostprocessing = 0;
		};
/* End PBXResourcesBuildPhase section */

/* Begin PBXSourcesBuildPhase section */
		8236BF7F1D48FB1000D2B156 /* Sources */ = {
			isa = PBXSourcesBuildPhase;
			buildActionMask = 2147483647;
			files = (
				8236BF991D48FB3900D2B156 /* XLSegmentControl.swift in Sources */,
				8236BF891D48FB1000D2B156 /* ViewController.swift in Sources */,
				8236BF871D48FB1000D2B156 /* AppDelegate.swift in Sources */,
			);
			runOnlyForDeploymentPostprocessing = 0;
		};
/* End PBXSourcesBuildPhase section */

/* Begin PBXVariantGroup section */
		8236BF8A1D48FB1000D2B156 /* Main.storyboard */ = {
			isa = PBXVariantGroup;
			children = (
				8236BF8B1D48FB1000D2B156 /* Base */,
			);
			name = Main.storyboard;
			sourceTree = "<group>";
		};
		8236BF8F1D48FB1000D2B156 /* LaunchScreen.storyboard */ = {
			isa = PBXVariantGroup;
			children = (
				8236BF901D48FB1000D2B156 /* Base */,
			);
			name = LaunchScreen.storyboard;
			sourceTree = "<group>";
		};
/* End PBXVariantGroup section */

/* Begin XCBuildConfiguration section */
		8236BF931D48FB1000D2B156 /* Debug */ = {
			isa = XCBuildConfiguration;
			buildSettings = {
				ALWAYS_SEARCH_USER_PATHS = NO;
				CLANG_ANALYZER_NONNULL = YES;
				CLANG_CXX_LANGUAGE_STANDARD = "gnu++0x";
				CLANG_CXX_LIBRARY = "libc++";
				CLANG_ENABLE_MODULES = YES;
				CLANG_ENABLE_OBJC_ARC = YES;
				CLANG_WARN_BOOL_CONVERSION = YES;
				CLANG_WARN_CONSTANT_CONVERSION = YES;
				CLANG_WARN_DIRECT_OBJC_ISA_USAGE = YES_ERROR;
				CLANG_WARN_EMPTY_BODY = YES;
				CLANG_WARN_ENUM_CONVERSION = YES;
				CLANG_WARN_INT_CONVERSION = YES;
				CLANG_WARN_OBJC_ROOT_CLASS = YES_ERROR;
				CLANG_WARN_UNREACHABLE_CODE = YES;
				CLANG_WARN__DUPLICATE_METHOD_MATCH = YES;
				"CODE_SIGN_IDENTITY[sdk=iphoneos*]" = "iPhone Developer";
				COPY_PHASE_STRIP = NO;
				DEBUG_INFORMATION_FORMAT = dwarf;
				ENABLE_STRICT_OBJC_MSGSEND = YES;
				ENABLE_TESTABILITY = YES;
				GCC_C_LANGUAGE_STANDARD = gnu99;
				GCC_DYNAMIC_NO_PIC = NO;
				GCC_NO_COMMON_BLOCKS = YES;
				GCC_OPTIMIZATION_LEVEL = 0;
				GCC_PREPROCESSOR_DEFINITIONS = (
					"DEBUG=1",
					"$(inherited)",
				);
				GCC_WARN_64_TO_32_BIT_CONVERSION = YES;
				GCC_WARN_ABOUT_RETURN_TYPE = YES_ERROR;
				GCC_WARN_UNDECLARED_SELECTOR = YES;
				GCC_WARN_UNINITIALIZED_AUTOS = YES_AGGRESSIVE;
				GCC_WARN_UNUSED_FUNCTION = YES;
				GCC_WARN_UNUSED_VARIABLE = YES;
				IPHONEOS_DEPLOYMENT_TARGET = 9.3;
				MTL_ENABLE_DEBUG_INFO = YES;
				ONLY_ACTIVE_ARCH = YES;
				SDKROOT = iphoneos;
				SWIFT_OPTIMIZATION_LEVEL = "-Onone";
			};
			name = Debug;
		};
		8236BF941D48FB1000D2B156 /* Release */ = {
			isa = XCBuildConfiguration;
			buildSettings = {
				ALWAYS_SEARCH_USER_PATHS = NO;
				CLANG_ANALYZER_NONNULL = YES;
				CLANG_CXX_LANGUAGE_STANDARD = "gnu++0x";
				CLANG_CXX_LIBRARY = "libc++";
				CLANG_ENABLE_MODULES = YES;
				CLANG_ENABLE_OBJC_ARC = YES;
				CLANG_WARN_BOOL_CONVERSION = YES;
				CLANG_WARN_CONSTANT_CONVERSION = YES;
				CLANG_WARN_DIRECT_OBJC_ISA_USAGE = YES_ERROR;
				CLANG_WARN_EMPTY_BODY = YES;
				CLANG_WARN_ENUM_CONVERSION = YES;
				CLANG_WARN_INT_CONVERSION = YES;
				CLANG_WARN_OBJC_ROOT_CLASS = YES_ERROR;
				CLANG_WARN_UNREACHABLE_CODE = YES;
				CLANG_WARN__DUPLICATE_METHOD_MATCH = YES;
				"CODE_SIGN_IDENTITY[sdk=iphoneos*]" = "iPhone Developer";
				COPY_PHASE_STRIP = NO;
				DEBUG_INFORMATION_FORMAT = "dwarf-with-dsym";
				ENABLE_NS_ASSERTIONS = NO;
				ENABLE_STRICT_OBJC_MSGSEND = YES;
				GCC_C_LANGUAGE_STANDARD = gnu99;
				GCC_NO_COMMON_BLOCKS = YES;
				GCC_WARN_64_TO_32_BIT_CONVERSION = YES;
				GCC_WARN_ABOUT_RETURN_TYPE = YES_ERROR;
				GCC_WARN_UNDECLARED_SELECTOR = YES;
				GCC_WARN_UNINITIALIZED_AUTOS = YES_AGGRESSIVE;
				GCC_WARN_UNUSED_FUNCTION = YES;
				GCC_WARN_UNUSED_VARIABLE = YES;
				IPHONEOS_DEPLOYMENT_TARGET = 9.3;
				MTL_ENABLE_DEBUG_INFO = NO;
				SDKROOT = iphoneos;
				VALIDATE_PRODUCT = YES;
			};
			name = Release;
		};
		8236BF961D48FB1000D2B156 /* Debug */ = {
			isa = XCBuildConfiguration;
			buildSettings = {
				ASSETCATALOG_COMPILER_APPICON_NAME = AppIcon;
				INFOPLIST_FILE = XLSegmentDemo/Info.plist;
				LD_RUNPATH_SEARCH_PATHS = "$(inherited) @executable_path/Frameworks";
				PRODUCT_BUNDLE_IDENTIFIER = sfmDev.XLSegmentDemo;
				PRODUCT_NAME = "$(TARGET_NAME)";
			};
			name = Debug;
		};
		8236BF971D48FB1000D2B156 /* Release */ = {
			isa = XCBuildConfiguration;
			buildSettings = {
				ASSETCATALOG_COMPILER_APPICON_NAME = AppIcon;
				INFOPLIST_FILE = XLSegmentDemo/Info.plist;
				LD_RUNPATH_SEARCH_PATHS = "$(inherited) @executable_path/Frameworks";
				PRODUCT_BUNDLE_IDENTIFIER = sfmDev.XLSegmentDemo;
				PRODUCT_NAME = "$(TARGET_NAME)";
			};
			name = Release;
		};
/* End XCBuildConfiguration section */

/* Begin XCConfigurationList section */
		8236BF7E1D48FB1000D2B156 /* Build configuration list for PBXProject "XLSegmentDemo" */ = {
			isa = XCConfigurationList;
			buildConfigurations = (
				8236BF931D48FB1000D2B156 /* Debug */,
				8236BF941D48FB1000D2B156 /* Release */,
			);
			defaultConfigurationIsVisible = 0;
			defaultConfigurationName = Release;
		};
		8236BF951D48FB1000D2B156 /* Build configuration list for PBXNativeTarget "XLSegmentDemo" */ = {
			isa = XCConfigurationList;
			buildConfigurations = (
				8236BF961D48FB1000D2B156 /* Debug */,
				8236BF971D48FB1000D2B156 /* Release */,
			);
			defaultConfigurationIsVisible = 0;
		};
/* End XCConfigurationList section */
	};
	rootObject = 8236BF7B1D48FB1000D2B156 /* Project object */;
}
